
Microsoft Visual Studio Solution File, Format Version 12.00
# Visual Studio Version 16
VisualStudioVersion = 16.0.34407.143
MinimumVisualStudioVersion = 10.0.40219.1
Project("{FAE04EC0-301F-11D3-BF4B-00C04F79EFBC}") = "ClassLibraryDemo", "ClassLibraryDemo\ClassLibraryDemo.csproj", "{B0D6CC02-BBC5-4B86-8CB3-BF4B99E31F65}"
EndProject
Project("{FAE04EC0-301F-11D3-BF4B-00C04F79EFBC}") = "ClassLibrary1", "ClassLibrary1\ClassLibrary1.csproj", "{9D4C6FC2-6AF5-4874-97F7-AD28B1F52251}"
EndProject
Global
	GlobalSection(SolutionConfigurationPlatforms) = preSolution
		Debug|Any CPU = Debug|Any CPU
		Release|Any CPU = Release|Any CPU
	EndGlobalSection
	GlobalSection(ProjectConfigurationPlatforms) = postSolution
		{B0D6CC02-BBC5-4B86-8CB3-BF4B99E31F65}.Debug|Any CPU.ActiveCfg = Debug|Any CPU
		{B0D6CC02-BBC5-4B86-8CB3-BF4B99E31F65}.Debug|Any CPU.Build.0 = Debug|Any CPU
		{B0D6CC02-BBC5-4B86-8CB3-BF4B99E31F65}.Release|Any CPU.ActiveCfg = Release|Any CPU
		{B0D6CC02-BBC5-4B86-8CB3-BF4B99E31F65}.Release|Any CPU.Build.0 = Release|Any CPU
		{9D4C6FC2-6AF5-4874-97F7-AD28B1F52251}.Debug|Any CPU.ActiveCfg = Debug|Any CPU
		{9D4C6FC2-6AF5-4874-97F7-AD28B1F52251}.Debug|Any CPU.Build.0 = Debug|Any CPU
		{9D4C6FC2-6AF5-4874-97F7-AD28B1F52251}.Release|Any CPU.ActiveCfg = Release|Any CPU
		{9D4C6FC2-6AF5-4874-97F7-AD28B1F52251}.Release|Any CPU.Build.0 = Release|Any CPU
	EndGlobalSection
	GlobalSection(SolutionProperties) = preSolution
		HideSolutionNode = FALSE
	EndGlobalSection
	GlobalSection(ExtensibilityGlobals) = postSolution
		SolutionGuid = {36F9BCB7-CFDF-4C15-82DE-B3F45910C5E8}
	EndGlobalSection
EndGlobal
